{
  "pins" : [
    {
      "identity" : "wwonetimepasswordview",
      "kind" : "remoteSourceControl",
      "location" : "https://github.com/William-Weng/WWOneTimePasswordView",
      "state" : {
        "revision" : "b93f31fdf525bd652f6395fc01c27d9e3884155c",
        "version" : "1.0.0"
      }
    },
    {
      "identity" : "wwprint",
      "kind" : "remoteSourceControl",
      "location" : "https://github.com/William-Weng/WWPrint",
      "state" : {
        "revision" : "8f5928f5d36624d77f8fc563fd8e31a59cfac6b6",
        "version" : "1.3.1"
      }
    }
  ],
  "version" : 2
}
