{
  "pins" : [
    {
      "identity" : "wwonetimepasswordview",
      "kind" : "remoteSourceControl",
      "location" : "https://github.com/William-Weng/WWOneTimePasswordView",
      "state" : {
        "revision" : "c27ebbb76e503631a80c186af4ea9a036d07bc21",
        "version" : "1.1.3"
      }
    },
    {
      "identity" : "wwprint",
      "kind" : "remoteSourceControl",
      "location" : "https://github.com/William-Weng/WWPrint",
      "state" : {
        "revision" : "8f5928f5d36624d77f8fc563fd8e31a59cfac6b6",
        "version" : "1.3.1"
      }
    }
  ],
  "version" : 2
}
