{
  "originHash" : "347803b68c003ddc3821d7796a9a604ec6130ef34565054c94c894dd498d9e88",
  "pins" : [
    {
      "identity" : "wwonetimepasswordview",
      "kind" : "remoteSourceControl",
      "location" : "https://github.com/William-Weng/WWOneTimePasswordView",
      "state" : {
        "revision" : "9441f6bafe24fe58d92b06b43894ee255a997dcb",
        "version" : "1.1.4"
      }
    }
  ],
  "version" : 3
}
